
Microsoft Visual Studio Solution File, Format Version 12.00
Project("{FAE04EC0-301F-11D3-BF4B-00C04F79EFBC}") = "GlacierFun", "GlacierFun\GlacierFun.csproj", "{EB8648E0-920F-48FB-B589-86C618F96BAD}"
EndProject
Global
	GlobalSection(SolutionConfigurationPlatforms) = preSolution
		Debug|Any CPU = Debug|Any CPU
		Release|Any CPU = Release|Any CPU
	EndGlobalSection
	GlobalSection(ProjectConfigurationPlatforms) = postSolution
		{EB8648E0-920F-48FB-B589-86C618F96BAD}.Debug|Any CPU.ActiveCfg = Debug|Any CPU
		{EB8648E0-920F-48FB-B589-86C618F96BAD}.Debug|Any CPU.Build.0 = Debug|Any CPU
		{EB8648E0-920F-48FB-B589-86C618F96BAD}.Release|Any CPU.ActiveCfg = Release|Any CPU
		{EB8648E0-920F-48FB-B589-86C618F96BAD}.Release|Any CPU.Build.0 = Release|Any CPU
	EndGlobalSection
EndGlobal
